{
  "name": "helper_scripts",
  "version": "1.0.0",
  "lockfileVersion": 1,
  "requires": true,
  "dependencies": {
    "@types/node": {
      "version": "10.12.18",
      "resolved": "https://registry.npmjs.org/@types/node/-/node-10.12.18.tgz",
      "integrity": "sha512-fh+pAqt4xRzPfqA6eh3Z2y6fyZavRIumvjhaCL753+TVkGKGhpPeyrJG2JftD0T9q4GF00KjefsQ+PQNDdWQaQ=="
    },
    "achievement-config": {
      "version": "file:../achievement-config",
      "requires": {
        "@types/node": "^10.12.18"
      },
      "dependencies": {
        "@types/node": {
          "version": "10.12.18",
          "bundled": true
        }
      }
    },
    "achievement-redis": {
      "version": "file:../achievement-redis",
      "requires": {
        "@types/node": "^10.12.18",
        "@types/redis": "^2.8.10",
        "achievement-config": "file:../achievement-config",
        "redis": "^2.8.0"
      },
      "dependencies": {
        "@types/node": {
          "version": "10.12.18",
          "bundled": true
        },
        "@types/redis": {
          "version": "2.8.10",
          "bundled": true,
          "requires": {
            "@types/node": "*"
          }
        },
        "achievement-config": {
          "version": "file:../achievement-config",
          "bundled": true,
          "requires": {
            "@types/node": "^10.12.18"
          },
          "dependencies": {
            "@types/node": {
              "version": "10.12.18",
              "bundled": true
            }
          }
        },
        "double-ended-queue": {
          "version": "2.1.0-0",
          "bundled": true
        },
        "redis": {
          "version": "2.8.0",
          "bundled": true,
          "requires": {
            "double-ended-queue": "^2.1.0-0",
            "redis-commands": "^1.2.0",
            "redis-parser": "^2.6.0"
          }
        },
        "redis-commands": {
          "version": "1.4.0",
          "bundled": true
        },
        "redis-parser": {
          "version": "2.6.0",
          "bundled": true
        }
      }
    }
  }
}
