{
  "name": "achievement-sio",
  "version": "1.0.0",
  "lockfileVersion": 1,
  "requires": true,
  "dependencies": {
    "typed-socket.io": {
      "version": "0.5.6",
      "resolved": "https://registry.npmjs.org/typed-socket.io/-/typed-socket.io-0.5.6.tgz",
      "integrity": "sha1-TwY/Xpx74Np522VFbXPNqyanB28="
    }
  }
}
